
Microsoft Visual Studio Solution File, Format Version 12.00
# Visual Studio 15
VisualStudioVersion = 15.0.28307.438
MinimumVisualStudioVersion = 10.0.40219.1
Project("{FAE04EC0-301F-11D3-BF4B-00C04F79EFBC}") = "UniversiteBilgiSistemi", "UniversiteBilgiSistemi\UniversiteBilgiSistemi.csproj", "{76D1E111-DCA4-4772-94E1-B39F7AB84027}"
EndProject
Global
	GlobalSection(SolutionConfigurationPlatforms) = preSolution
		Debug|Any CPU = Debug|Any CPU
		Release|Any CPU = Release|Any CPU
	EndGlobalSection
	GlobalSection(ProjectConfigurationPlatforms) = postSolution
		{76D1E111-DCA4-4772-94E1-B39F7AB84027}.Debug|Any CPU.ActiveCfg = Debug|Any CPU
		{76D1E111-DCA4-4772-94E1-B39F7AB84027}.Debug|Any CPU.Build.0 = Debug|Any CPU
		{76D1E111-DCA4-4772-94E1-B39F7AB84027}.Release|Any CPU.ActiveCfg = Release|Any CPU
		{76D1E111-DCA4-4772-94E1-B39F7AB84027}.Release|Any CPU.Build.0 = Release|Any CPU
	EndGlobalSection
	GlobalSection(SolutionProperties) = preSolution
		HideSolutionNode = FALSE
	EndGlobalSection
	GlobalSection(ExtensibilityGlobals) = postSolution
		SolutionGuid = {FC7DB628-FE0A-422C-AB43-94A6E0FB30C4}
	EndGlobalSection
EndGlobal
